
Microsoft Visual Studio Solution File, Format Version 12.00
# Visual Studio Version 17
VisualStudioVersion = 17.6.33829.357
MinimumVisualStudioVersion = 10.0.40219.1
Project("{8BC9CEB8-8B4A-11D0-8D11-00A0C91BC942}") = "01 Basics", "01 Basics\01 Basics.vcxproj", "{5ADF4526-93D8-4A10-A913-DED07E4B59A8}"
EndProject
Project("{8BC9CEB8-8B4A-11D0-8D11-00A0C91BC942}") = "00 SFML Template", "00 SFML Template\00 SFML Template.vcxproj", "{BC5124AC-71D1-4627-B6E9-08153119AE45}"
EndProject
Project("{8BC9CEB8-8B4A-11D0-8D11-00A0C91BC942}") = "02 Ravioli", "02 Ravioli\02 Ravioli.vcxproj", "{69BFE12C-96D5-4304-954D-0A339ADFF027}"
EndProject
Global
	GlobalSection(SolutionConfigurationPlatforms) = preSolution
		Debug|x64 = Debug|x64
		Debug|x86 = Debug|x86
		Release|x64 = Release|x64
		Release|x86 = Release|x86
	EndGlobalSection
	GlobalSection(ProjectConfigurationPlatforms) = postSolution
		{5ADF4526-93D8-4A10-A913-DED07E4B59A8}.Debug|x64.ActiveCfg = Debug|x64
		{5ADF4526-93D8-4A10-A913-DED07E4B59A8}.Debug|x64.Build.0 = Debug|x64
		{5ADF4526-93D8-4A10-A913-DED07E4B59A8}.Debug|x86.ActiveCfg = Debug|Win32
		{5ADF4526-93D8-4A10-A913-DED07E4B59A8}.Debug|x86.Build.0 = Debug|Win32
		{5ADF4526-93D8-4A10-A913-DED07E4B59A8}.Release|x64.ActiveCfg = Release|x64
		{5ADF4526-93D8-4A10-A913-DED07E4B59A8}.Release|x64.Build.0 = Release|x64
		{5ADF4526-93D8-4A10-A913-DED07E4B59A8}.Release|x86.ActiveCfg = Release|Win32
		{5ADF4526-93D8-4A10-A913-DED07E4B59A8}.Release|x86.Build.0 = Release|Win32
		{BC5124AC-71D1-4627-B6E9-08153119AE45}.Debug|x64.ActiveCfg = Debug|x64
		{BC5124AC-71D1-4627-B6E9-08153119AE45}.Debug|x64.Build.0 = Debug|x64
		{BC5124AC-71D1-4627-B6E9-08153119AE45}.Debug|x86.ActiveCfg = Debug|Win32
		{BC5124AC-71D1-4627-B6E9-08153119AE45}.Debug|x86.Build.0 = Debug|Win32
		{BC5124AC-71D1-4627-B6E9-08153119AE45}.Release|x64.ActiveCfg = Release|x64
		{BC5124AC-71D1-4627-B6E9-08153119AE45}.Release|x64.Build.0 = Release|x64
		{BC5124AC-71D1-4627-B6E9-08153119AE45}.Release|x86.ActiveCfg = Release|Win32
		{BC5124AC-71D1-4627-B6E9-08153119AE45}.Release|x86.Build.0 = Release|Win32
		{69BFE12C-96D5-4304-954D-0A339ADFF027}.Debug|x64.ActiveCfg = Debug|x64
		{69BFE12C-96D5-4304-954D-0A339ADFF027}.Debug|x64.Build.0 = Debug|x64
		{69BFE12C-96D5-4304-954D-0A339ADFF027}.Debug|x86.ActiveCfg = Debug|Win32
		{69BFE12C-96D5-4304-954D-0A339ADFF027}.Debug|x86.Build.0 = Debug|Win32
		{69BFE12C-96D5-4304-954D-0A339ADFF027}.Release|x64.ActiveCfg = Release|x64
		{69BFE12C-96D5-4304-954D-0A339ADFF027}.Release|x64.Build.0 = Release|x64
		{69BFE12C-96D5-4304-954D-0A339ADFF027}.Release|x86.ActiveCfg = Release|Win32
		{69BFE12C-96D5-4304-954D-0A339ADFF027}.Release|x86.Build.0 = Release|Win32
	EndGlobalSection
	GlobalSection(SolutionProperties) = preSolution
		HideSolutionNode = FALSE
	EndGlobalSection
	GlobalSection(ExtensibilityGlobals) = postSolution
		SolutionGuid = {2B6EFE35-D8C1-445A-B2BA-ECB431AA441D}
	EndGlobalSection
EndGlobal
